
Microsoft Visual Studio Solution File, Format Version 12.00
# Visual Studio 15
VisualStudioVersion = 15.0.28307.136
MinimumVisualStudioVersion = 10.0.40219.1
Project("{FAE04EC0-301F-11D3-BF4B-00C04F79EFBC}") = "ProjetCalculatrice", "ProjetCalculatrice\ProjetCalculatrice.csproj", "{578F9F44-8D68-4438-8385-DDCD66EC79AF}"
EndProject
Global
	GlobalSection(SolutionConfigurationPlatforms) = preSolution
		Debug|Any CPU = Debug|Any CPU
		Release|Any CPU = Release|Any CPU
	EndGlobalSection
	GlobalSection(ProjectConfigurationPlatforms) = postSolution
		{578F9F44-8D68-4438-8385-DDCD66EC79AF}.Debug|Any CPU.ActiveCfg = Debug|Any CPU
		{578F9F44-8D68-4438-8385-DDCD66EC79AF}.Debug|Any CPU.Build.0 = Debug|Any CPU
		{578F9F44-8D68-4438-8385-DDCD66EC79AF}.Release|Any CPU.ActiveCfg = Release|Any CPU
		{578F9F44-8D68-4438-8385-DDCD66EC79AF}.Release|Any CPU.Build.0 = Release|Any CPU
	EndGlobalSection
	GlobalSection(SolutionProperties) = preSolution
		HideSolutionNode = FALSE
	EndGlobalSection
	GlobalSection(ExtensibilityGlobals) = postSolution
		SolutionGuid = {6D50AF27-57D0-4658-888B-43475D78CC89}
	EndGlobalSection
EndGlobal
